// !$*UTF8*$!
{
	archiveVersion = 1;
	classes = {
	};
	objectVersion = 46;
	objects = {

/* Begin PBXBuildFile section */
		8D0E8C6E1D4BF70700B6B896 /* HChain.cpp in Sources */ = {isa = PBXBuildFile; fileRef = 8D0E8C6C1D4BF70700B6B896 /* HChain.cpp */; };
		A7E9675C1D414F49008280FE /* TestDriver.cpp in Sources */ = {isa = PBXBuildFile; fileRef = A7E9675A1D414F49008280FE /* TestDriver.cpp */; };
		BD232ABF1D4131C10053F856 /* main.cpp in Sources */ = {isa = PBXBuildFile; fileRef = BD232ABE1D4131C10053F856 /* main.cpp */; };
		BD232ACD1D41379C0053F856 /* HashTable.cpp in Sources */ = {isa = PBXBuildFile; fileRef = BD232ACB1D41379C0053F856 /* HashTable.cpp */; };
/* End PBXBuildFile section */

/* Begin PBXCopyFilesBuildPhase section */
		BD232AB91D4131C00053F856 /* CopyFiles */ = {
			isa = PBXCopyFilesBuildPhase;
			buildActionMask = 2147483647;
			dstPath = /usr/share/man/man1/;
			dstSubfolderSpec = 0;
			files = (
			);
			runOnlyForDeploymentPostprocessing = 1;
		};
/* End PBXCopyFilesBuildPhase section */

/* Begin PBXFileReference section */
		8D0E8C6C1D4BF70700B6B896 /* HChain.cpp */ = {isa = PBXFileReference; fileEncoding = 4; lastKnownFileType = sourcecode.cpp.cpp; path = HChain.cpp; sourceTree = "<group>"; };
		8D0E8C6D1D4BF70700B6B896 /* HChain.hpp */ = {isa = PBXFileReference; fileEncoding = 4; lastKnownFileType = sourcecode.cpp.h; path = HChain.hpp; sourceTree = "<group>"; };
		8D707EA81D4AE6F00024F7EC /* Node.h */ = {isa = PBXFileReference; lastKnownFileType = sourcecode.c.h; path = Node.h; sourceTree = "<group>"; };
		8D707EA91D4AE6F90024F7EC /* WordPair.h */ = {isa = PBXFileReference; lastKnownFileType = sourcecode.c.h; path = WordPair.h; sourceTree = "<group>"; };
		8D707EAA1D4AE7100024F7EC /* BST.h */ = {isa = PBXFileReference; lastKnownFileType = sourcecode.c.h; path = BST.h; sourceTree = "<group>"; };
		A7E9675A1D414F49008280FE /* TestDriver.cpp */ = {isa = PBXFileReference; fileEncoding = 4; lastKnownFileType = sourcecode.cpp.cpp; path = TestDriver.cpp; sourceTree = "<group>"; };
		A7E9675B1D414F49008280FE /* TestDriver.h */ = {isa = PBXFileReference; fileEncoding = 4; lastKnownFileType = sourcecode.c.h; path = TestDriver.h; sourceTree = "<group>"; };
		BD232ABB1D4131C00053F856 /* MUSLA */ = {isa = PBXFileReference; explicitFileType = "compiled.mach-o.executable"; includeInIndex = 0; path = MUSLA; sourceTree = BUILT_PRODUCTS_DIR; };
		BD232ABE1D4131C10053F856 /* main.cpp */ = {isa = PBXFileReference; lastKnownFileType = sourcecode.cpp.cpp; path = main.cpp; sourceTree = "<group>"; };
		BD232ACB1D41379C0053F856 /* HashTable.cpp */ = {isa = PBXFileReference; fileEncoding = 4; lastKnownFileType = sourcecode.cpp.cpp; path = HashTable.cpp; sourceTree = "<group>"; };
		BD232ACC1D41379C0053F856 /* HashTable.hpp */ = {isa = PBXFileReference; fileEncoding = 4; lastKnownFileType = sourcecode.cpp.h; path = HashTable.hpp; sourceTree = "<group>"; };
/* End PBXFileReference section */

/* Begin PBXFrameworksBuildPhase section */
		BD232AB81D4131C00053F856 /* Frameworks */ = {
			isa = PBXFrameworksBuildPhase;
			buildActionMask = 2147483647;
			files = (
			);
			runOnlyForDeploymentPostprocessing = 0;
		};
/* End PBXFrameworksBuildPhase section */

/* Begin PBXGroup section */
		BD232AB21D4131C00053F856 = {
			isa = PBXGroup;
			children = (
				BD232ABD1D4131C00053F856 /* MUSLA */,
				BD232ABC1D4131C00053F856 /* Products */,
			);
			sourceTree = "<group>";
		};
		BD232ABC1D4131C00053F856 /* Products */ = {
			isa = PBXGroup;
			children = (
				BD232ABB1D4131C00053F856 /* MUSLA */,
			);
			name = Products;
			sourceTree = "<group>";
		};
		BD232ABD1D4131C00053F856 /* MUSLA */ = {
			isa = PBXGroup;
			children = (
				BD232ABE1D4131C10053F856 /* main.cpp */,
				BD232ACB1D41379C0053F856 /* HashTable.cpp */,
				BD232ACC1D41379C0053F856 /* HashTable.hpp */,
				8D707EAA1D4AE7100024F7EC /* BST.h */,
				A7E9675A1D414F49008280FE /* TestDriver.cpp */,
				A7E9675B1D414F49008280FE /* TestDriver.h */,
				8D0E8C6C1D4BF70700B6B896 /* HChain.cpp */,
				8D0E8C6D1D4BF70700B6B896 /* HChain.hpp */,
				8D707EA81D4AE6F00024F7EC /* Node.h */,
				8D707EA91D4AE6F90024F7EC /* WordPair.h */,
			);
			path = MUSLA;
			sourceTree = "<group>";
		};
/* End PBXGroup section */

/* Begin PBXNativeTarget section */
		BD232ABA1D4131C00053F856 /* MUSLA */ = {
			isa = PBXNativeTarget;
			buildConfigurationList = BD232AC21D4131C10053F856 /* Build configuration list for PBXNativeTarget "MUSLA" */;
			buildPhases = (
				BD232AB71D4131C00053F856 /* Sources */,
				BD232AB81D4131C00053F856 /* Frameworks */,
				BD232AB91D4131C00053F856 /* CopyFiles */,
			);
			buildRules = (
			);
			dependencies = (
			);
			name = MUSLA;
			productName = MUSLA;
			productReference = BD232ABB1D4131C00053F856 /* MUSLA */;
			productType = "com.apple.product-type.tool";
		};
/* End PBXNativeTarget section */

/* Begin PBXProject section */
		BD232AB31D4131C00053F856 /* Project object */ = {
			isa = PBXProject;
			attributes = {
				KnownAssetTags = (
					New,
				);
				LastUpgradeCheck = 0730;
				ORGANIZATIONNAME = JuneKim_JimmyZhong;
				TargetAttributes = {
					BD232ABA1D4131C00053F856 = {
						CreatedOnToolsVersion = 7.3.1;
					};
				};
			};
			buildConfigurationList = BD232AB61D4131C00053F856 /* Build configuration list for PBXProject "MUSLA" */;
			compatibilityVersion = "Xcode 3.2";
			developmentRegion = English;
			hasScannedForEncodings = 0;
			knownRegions = (
				en,
			);
			mainGroup = BD232AB21D4131C00053F856;
			productRefGroup = BD232ABC1D4131C00053F856 /* Products */;
			projectDirPath = "";
			projectRoot = "";
			targets = (
				BD232ABA1D4131C00053F856 /* MUSLA */,
			);
		};
/* End PBXProject section */

/* Begin PBXSourcesBuildPhase section */
		BD232AB71D4131C00053F856 /* Sources */ = {
			isa = PBXSourcesBuildPhase;
			buildActionMask = 2147483647;
			files = (
				BD232ABF1D4131C10053F856 /* main.cpp in Sources */,
				A7E9675C1D414F49008280FE /* TestDriver.cpp in Sources */,
				8D0E8C6E1D4BF70700B6B896 /* HChain.cpp in Sources */,
				BD232ACD1D41379C0053F856 /* HashTable.cpp in Sources */,
			);
			runOnlyForDeploymentPostprocessing = 0;
		};
/* End PBXSourcesBuildPhase section */

/* Begin XCBuildConfiguration section */
		BD232AC01D4131C10053F856 /* Debug */ = {
			isa = XCBuildConfiguration;
			buildSettings = {
				ALWAYS_SEARCH_USER_PATHS = NO;
				CLANG_ANALYZER_NONNULL = YES;
				CLANG_CXX_LANGUAGE_STANDARD = "gnu++0x";
				CLANG_CXX_LIBRARY = "libc++";
				CLANG_ENABLE_MODULES = YES;
				CLANG_ENABLE_OBJC_ARC = YES;
				CLANG_WARN_BOOL_CONVERSION = YES;
				CLANG_WARN_CONSTANT_CONVERSION = YES;
				CLANG_WARN_DIRECT_OBJC_ISA_USAGE = YES_ERROR;
				CLANG_WARN_EMPTY_BODY = YES;
				CLANG_WARN_ENUM_CONVERSION = YES;
				CLANG_WARN_INT_CONVERSION = YES;
				CLANG_WARN_OBJC_ROOT_CLASS = YES_ERROR;
				CLANG_WARN_UNREACHABLE_CODE = YES;
				CLANG_WARN__DUPLICATE_METHOD_MATCH = YES;
				CODE_SIGN_IDENTITY = "-";
				COPY_PHASE_STRIP = NO;
				DEBUG_INFORMATION_FORMAT = dwarf;
				ENABLE_STRICT_OBJC_MSGSEND = YES;
				ENABLE_TESTABILITY = YES;
				GCC_C_LANGUAGE_STANDARD = gnu99;
				GCC_DYNAMIC_NO_PIC = NO;
				GCC_NO_COMMON_BLOCKS = YES;
				GCC_OPTIMIZATION_LEVEL = 0;
				GCC_PREPROCESSOR_DEFINITIONS = (
					"DEBUG=1",
					"$(inherited)",
				);
				GCC_WARN_64_TO_32_BIT_CONVERSION = YES;
				GCC_WARN_ABOUT_RETURN_TYPE = YES_ERROR;
				GCC_WARN_UNDECLARED_SELECTOR = YES;
				GCC_WARN_UNINITIALIZED_AUTOS = YES_AGGRESSIVE;
				GCC_WARN_UNUSED_FUNCTION = YES;
				GCC_WARN_UNUSED_VARIABLE = YES;
				MACOSX_DEPLOYMENT_TARGET = 10.10;
				MTL_ENABLE_DEBUG_INFO = YES;
				ONLY_ACTIVE_ARCH = YES;
				SDKROOT = macosx;
			};
			name = Debug;
		};
		BD232AC11D4131C10053F856 /* Release */ = {
			isa = XCBuildConfiguration;
			buildSettings = {
				ALWAYS_SEARCH_USER_PATHS = NO;
				CLANG_ANALYZER_NONNULL = YES;
				CLANG_CXX_LANGUAGE_STANDARD = "gnu++0x";
				CLANG_CXX_LIBRARY = "libc++";
				CLANG_ENABLE_MODULES = YES;
				CLANG_ENABLE_OBJC_ARC = YES;
				CLANG_WARN_BOOL_CONVERSION = YES;
				CLANG_WARN_CONSTANT_CONVERSION = YES;
				CLANG_WARN_DIRECT_OBJC_ISA_USAGE = YES_ERROR;
				CLANG_WARN_EMPTY_BODY = YES;
				CLANG_WARN_ENUM_CONVERSION = YES;
				CLANG_WARN_INT_CONVERSION = YES;
				CLANG_WARN_OBJC_ROOT_CLASS = YES_ERROR;
				CLANG_WARN_UNREACHABLE_CODE = YES;
				CLANG_WARN__DUPLICATE_METHOD_MATCH = YES;
				CODE_SIGN_IDENTITY = "-";
				COPY_PHASE_STRIP = NO;
				DEBUG_INFORMATION_FORMAT = "dwarf-with-dsym";
				ENABLE_NS_ASSERTIONS = NO;
				ENABLE_STRICT_OBJC_MSGSEND = YES;
				GCC_C_LANGUAGE_STANDARD = gnu99;
				GCC_NO_COMMON_BLOCKS = YES;
				GCC_WARN_64_TO_32_BIT_CONVERSION = YES;
				GCC_WARN_ABOUT_RETURN_TYPE = YES_ERROR;
				GCC_WARN_UNDECLARED_SELECTOR = YES;
				GCC_WARN_UNINITIALIZED_AUTOS = YES_AGGRESSIVE;
				GCC_WARN_UNUSED_FUNCTION = YES;
				GCC_WARN_UNUSED_VARIABLE = YES;
				MACOSX_DEPLOYMENT_TARGET = 10.10;
				MTL_ENABLE_DEBUG_INFO = NO;
				SDKROOT = macosx;
			};
			name = Release;
		};
		BD232AC31D4131C10053F856 /* Debug */ = {
			isa = XCBuildConfiguration;
			buildSettings = {
				PRODUCT_NAME = "$(TARGET_NAME)";
				SDKROOT = macosx;
			};
			name = Debug;
		};
		BD232AC41D4131C10053F856 /* Release */ = {
			isa = XCBuildConfiguration;
			buildSettings = {
				PRODUCT_NAME = "$(TARGET_NAME)";
				SDKROOT = macosx;
			};
			name = Release;
		};
/* End XCBuildConfiguration section */

/* Begin XCConfigurationList section */
		BD232AB61D4131C00053F856 /* Build configuration list for PBXProject "MUSLA" */ = {
			isa = XCConfigurationList;
			buildConfigurations = (
				BD232AC01D4131C10053F856 /* Debug */,
				BD232AC11D4131C10053F856 /* Release */,
			);
			defaultConfigurationIsVisible = 0;
			defaultConfigurationName = Release;
		};
		BD232AC21D4131C10053F856 /* Build configuration list for PBXNativeTarget "MUSLA" */ = {
			isa = XCConfigurationList;
			buildConfigurations = (
				BD232AC31D4131C10053F856 /* Debug */,
				BD232AC41D4131C10053F856 /* Release */,
			);
			defaultConfigurationIsVisible = 0;
			defaultConfigurationName = Release;
		};
/* End XCConfigurationList section */
	};
	rootObject = BD232AB31D4131C00053F856 /* Project object */;
}
